
Microsoft Visual Studio Solution File, Format Version 12.00
# Visual Studio 15
VisualStudioVersion = 15.0.28307.960
MinimumVisualStudioVersion = 10.0.40219.1
Project("{FAE04EC0-301F-11D3-BF4B-00C04F79EFBC}") = "XamarinFormsKatas.Android", "XamarinFormsKatas\XamarinFormsKatas.Android\XamarinFormsKatas.Android.csproj", "{3E1DE645-63EB-4A54-B742-F02384F0EB8A}"
EndProject
Project("{FAE04EC0-301F-11D3-BF4B-00C04F79EFBC}") = "XamarinFormsKatas.iOS", "XamarinFormsKatas\XamarinFormsKatas.iOS\XamarinFormsKatas.iOS.csproj", "{DB894529-D9CB-47C6-B483-423992513D81}"
EndProject
Project("{FAE04EC0-301F-11D3-BF4B-00C04F79EFBC}") = "XamarinFormsKatas.UWP", "XamarinFormsKatas\XamarinFormsKatas.UWP\XamarinFormsKatas.UWP.csproj", "{2744B347-9B87-4EBC-BCDB-38AE88762E1B}"
EndProject
Project("{FAE04EC0-301F-11D3-BF4B-00C04F79EFBC}") = "XamarinFormsKatas", "XamarinFormsKatas\XamarinFormsKatas\XamarinFormsKatas.csproj", "{947E686F-5D7A-4B4C-BA69-8715AC80AB3E}"
EndProject
Global
	GlobalSection(SolutionConfigurationPlatforms) = preSolution
		Ad-Hoc|Any CPU = Ad-Hoc|Any CPU
		Ad-Hoc|ARM = Ad-Hoc|ARM
		Ad-Hoc|iPhone = Ad-Hoc|iPhone
		Ad-Hoc|iPhoneSimulator = Ad-Hoc|iPhoneSimulator
		Ad-Hoc|x64 = Ad-Hoc|x64
		Ad-Hoc|x86 = Ad-Hoc|x86
		AppStore|Any CPU = AppStore|Any CPU
		AppStore|ARM = AppStore|ARM
		AppStore|iPhone = AppStore|iPhone
		AppStore|iPhoneSimulator = AppStore|iPhoneSimulator
		AppStore|x64 = AppStore|x64
		AppStore|x86 = AppStore|x86
		Debug|Any CPU = Debug|Any CPU
		Debug|ARM = Debug|ARM
		Debug|iPhone = Debug|iPhone
		Debug|iPhoneSimulator = Debug|iPhoneSimulator
		Debug|x64 = Debug|x64
		Debug|x86 = Debug|x86
		Release|Any CPU = Release|Any CPU
		Release|ARM = Release|ARM
		Release|iPhone = Release|iPhone
		Release|iPhoneSimulator = Release|iPhoneSimulator
		Release|x64 = Release|x64
		Release|x86 = Release|x86
	EndGlobalSection
	GlobalSection(ProjectConfigurationPlatforms) = postSolution
		{3E1DE645-63EB-4A54-B742-F02384F0EB8A}.Ad-Hoc|Any CPU.ActiveCfg = Release|Any CPU
		{3E1DE645-63EB-4A54-B742-F02384F0EB8A}.Ad-Hoc|Any CPU.Build.0 = Release|Any CPU
		{3E1DE645-63EB-4A54-B742-F02384F0EB8A}.Ad-Hoc|Any CPU.Deploy.0 = Release|Any CPU
		{3E1DE645-63EB-4A54-B742-F02384F0EB8A}.Ad-Hoc|ARM.ActiveCfg = Release|Any CPU
		{3E1DE645-63EB-4A54-B742-F02384F0EB8A}.Ad-Hoc|ARM.Build.0 = Release|Any CPU
		{3E1DE645-63EB-4A54-B742-F02384F0EB8A}.Ad-Hoc|ARM.Deploy.0 = Release|Any CPU
		{3E1DE645-63EB-4A54-B742-F02384F0EB8A}.Ad-Hoc|iPhone.ActiveCfg = Release|Any CPU
		{3E1DE645-63EB-4A54-B742-F02384F0EB8A}.Ad-Hoc|iPhone.Build.0 = Release|Any CPU
		{3E1DE645-63EB-4A54-B742-F02384F0EB8A}.Ad-Hoc|iPhone.Deploy.0 = Release|Any CPU
		{3E1DE645-63EB-4A54-B742-F02384F0EB8A}.Ad-Hoc|iPhoneSimulator.ActiveCfg = Release|Any CPU
		{3E1DE645-63EB-4A54-B742-F02384F0EB8A}.Ad-Hoc|iPhoneSimulator.Build.0 = Release|Any CPU
		{3E1DE645-63EB-4A54-B742-F02384F0EB8A}.Ad-Hoc|iPhoneSimulator.Deploy.0 = Release|Any CPU
		{3E1DE645-63EB-4A54-B742-F02384F0EB8A}.Ad-Hoc|x64.ActiveCfg = Release|Any CPU
		{3E1DE645-63EB-4A54-B742-F02384F0EB8A}.Ad-Hoc|x64.Build.0 = Release|Any CPU
		{3E1DE645-63EB-4A54-B742-F02384F0EB8A}.Ad-Hoc|x64.Deploy.0 = Release|Any CPU
		{3E1DE645-63EB-4A54-B742-F02384F0EB8A}.Ad-Hoc|x86.ActiveCfg = Release|Any CPU
		{3E1DE645-63EB-4A54-B742-F02384F0EB8A}.Ad-Hoc|x86.Build.0 = Release|Any CPU
		{3E1DE645-63EB-4A54-B742-F02384F0EB8A}.Ad-Hoc|x86.Deploy.0 = Release|Any CPU
		{3E1DE645-63EB-4A54-B742-F02384F0EB8A}.AppStore|Any CPU.ActiveCfg = Release|Any CPU
		{3E1DE645-63EB-4A54-B742-F02384F0EB8A}.AppStore|Any CPU.Build.0 = Release|Any CPU
		{3E1DE645-63EB-4A54-B742-F02384F0EB8A}.AppStore|Any CPU.Deploy.0 = Release|Any CPU
		{3E1DE645-63EB-4A54-B742-F02384F0EB8A}.AppStore|ARM.ActiveCfg = Release|Any CPU
		{3E1DE645-63EB-4A54-B742-F02384F0EB8A}.AppStore|ARM.Build.0 = Release|Any CPU
		{3E1DE645-63EB-4A54-B742-F02384F0EB8A}.AppStore|ARM.Deploy.0 = Release|Any CPU
		{3E1DE645-63EB-4A54-B742-F02384F0EB8A}.AppStore|iPhone.ActiveCfg = Release|Any CPU
		{3E1DE645-63EB-4A54-B742-F02384F0EB8A}.AppStore|iPhone.Build.0 = Release|Any CPU
		{3E1DE645-63EB-4A54-B742-F02384F0EB8A}.AppStore|iPhone.Deploy.0 = Release|Any CPU
		{3E1DE645-63EB-4A54-B742-F02384F0EB8A}.AppStore|iPhoneSimulator.ActiveCfg = Release|Any CPU
		{3E1DE645-63EB-4A54-B742-F02384F0EB8A}.AppStore|iPhoneSimulator.Build.0 = Release|Any CPU
		{3E1DE645-63EB-4A54-B742-F02384F0EB8A}.AppStore|iPhoneSimulator.Deploy.0 = Release|Any CPU
		{3E1DE645-63EB-4A54-B742-F02384F0EB8A}.AppStore|x64.ActiveCfg = Release|Any CPU
		{3E1DE645-63EB-4A54-B742-F02384F0EB8A}.AppStore|x64.Build.0 = Release|Any CPU
		{3E1DE645-63EB-4A54-B742-F02384F0EB8A}.AppStore|x64.Deploy.0 = Release|Any CPU
		{3E1DE645-63EB-4A54-B742-F02384F0EB8A}.AppStore|x86.ActiveCfg = Release|Any CPU
		{3E1DE645-63EB-4A54-B742-F02384F0EB8A}.AppStore|x86.Build.0 = Release|Any CPU
		{3E1DE645-63EB-4A54-B742-F02384F0EB8A}.AppStore|x86.Deploy.0 = Release|Any CPU
		{3E1DE645-63EB-4A54-B742-F02384F0EB8A}.Debug|Any CPU.ActiveCfg = Debug|Any CPU
		{3E1DE645-63EB-4A54-B742-F02384F0EB8A}.Debug|Any CPU.Build.0 = Debug|Any CPU
		{3E1DE645-63EB-4A54-B742-F02384F0EB8A}.Debug|Any CPU.Deploy.0 = Debug|Any CPU
		{3E1DE645-63EB-4A54-B742-F02384F0EB8A}.Debug|ARM.ActiveCfg = Debug|Any CPU
		{3E1DE645-63EB-4A54-B742-F02384F0EB8A}.Debug|ARM.Build.0 = Debug|Any CPU
		{3E1DE645-63EB-4A54-B742-F02384F0EB8A}.Debug|ARM.Deploy.0 = Debug|Any CPU
		{3E1DE645-63EB-4A54-B742-F02384F0EB8A}.Debug|iPhone.ActiveCfg = Debug|Any CPU
		{3E1DE645-63EB-4A54-B742-F02384F0EB8A}.Debug|iPhone.Build.0 = Debug|Any CPU
		{3E1DE645-63EB-4A54-B742-F02384F0EB8A}.Debug|iPhone.Deploy.0 = Debug|Any CPU
		{3E1DE645-63EB-4A54-B742-F02384F0EB8A}.Debug|iPhoneSimulator.ActiveCfg = Debug|Any CPU
		{3E1DE645-63EB-4A54-B742-F02384F0EB8A}.Debug|iPhoneSimulator.Build.0 = Debug|Any CPU
		{3E1DE645-63EB-4A54-B742-F02384F0EB8A}.Debug|iPhoneSimulator.Deploy.0 = Debug|Any CPU
		{3E1DE645-63EB-4A54-B742-F02384F0EB8A}.Debug|x64.ActiveCfg = Debug|Any CPU
		{3E1DE645-63EB-4A54-B742-F02384F0EB8A}.Debug|x64.Build.0 = Debug|Any CPU
		{3E1DE645-63EB-4A54-B742-F02384F0EB8A}.Debug|x64.Deploy.0 = Debug|Any CPU
		{3E1DE645-63EB-4A54-B742-F02384F0EB8A}.Debug|x86.ActiveCfg = Debug|Any CPU
		{3E1DE645-63EB-4A54-B742-F02384F0EB8A}.Debug|x86.Build.0 = Debug|Any CPU
		{3E1DE645-63EB-4A54-B742-F02384F0EB8A}.Debug|x86.Deploy.0 = Debug|Any CPU
		{3E1DE645-63EB-4A54-B742-F02384F0EB8A}.Release|Any CPU.ActiveCfg = Release|Any CPU
		{3E1DE645-63EB-4A54-B742-F02384F0EB8A}.Release|Any CPU.Build.0 = Release|Any CPU
		{3E1DE645-63EB-4A54-B742-F02384F0EB8A}.Release|Any CPU.Deploy.0 = Release|Any CPU
		{3E1DE645-63EB-4A54-B742-F02384F0EB8A}.Release|ARM.ActiveCfg = Release|Any CPU
		{3E1DE645-63EB-4A54-B742-F02384F0EB8A}.Release|ARM.Build.0 = Release|Any CPU
		{3E1DE645-63EB-4A54-B742-F02384F0EB8A}.Release|ARM.Deploy.0 = Release|Any CPU
		{3E1DE645-63EB-4A54-B742-F02384F0EB8A}.Release|iPhone.ActiveCfg = Release|Any CPU
		{3E1DE645-63EB-4A54-B742-F02384F0EB8A}.Release|iPhone.Build.0 = Release|Any CPU
		{3E1DE645-63EB-4A54-B742-F02384F0EB8A}.Release|iPhone.Deploy.0 = Release|Any CPU
		{3E1DE645-63EB-4A54-B742-F02384F0EB8A}.Release|iPhoneSimulator.ActiveCfg = Release|Any CPU
		{3E1DE645-63EB-4A54-B742-F02384F0EB8A}.Release|iPhoneSimulator.Build.0 = Release|Any CPU
		{3E1DE645-63EB-4A54-B742-F02384F0EB8A}.Release|iPhoneSimulator.Deploy.0 = Release|Any CPU
		{3E1DE645-63EB-4A54-B742-F02384F0EB8A}.Release|x64.ActiveCfg = Release|Any CPU
		{3E1DE645-63EB-4A54-B742-F02384F0EB8A}.Release|x64.Build.0 = Release|Any CPU
		{3E1DE645-63EB-4A54-B742-F02384F0EB8A}.Release|x64.Deploy.0 = Release|Any CPU
		{3E1DE645-63EB-4A54-B742-F02384F0EB8A}.Release|x86.ActiveCfg = Release|Any CPU
		{3E1DE645-63EB-4A54-B742-F02384F0EB8A}.Release|x86.Build.0 = Release|Any CPU
		{3E1DE645-63EB-4A54-B742-F02384F0EB8A}.Release|x86.Deploy.0 = Release|Any CPU
		{DB894529-D9CB-47C6-B483-423992513D81}.Ad-Hoc|Any CPU.ActiveCfg = Ad-Hoc|iPhone
		{DB894529-D9CB-47C6-B483-423992513D81}.Ad-Hoc|Any CPU.Build.0 = Ad-Hoc|iPhone
		{DB894529-D9CB-47C6-B483-423992513D81}.Ad-Hoc|Any CPU.Deploy.0 = Ad-Hoc|iPhone
		{DB894529-D9CB-47C6-B483-423992513D81}.Ad-Hoc|ARM.ActiveCfg = Ad-Hoc|iPhone
		{DB894529-D9CB-47C6-B483-423992513D81}.Ad-Hoc|ARM.Build.0 = Ad-Hoc|iPhone
		{DB894529-D9CB-47C6-B483-423992513D81}.Ad-Hoc|ARM.Deploy.0 = Ad-Hoc|iPhone
		{DB894529-D9CB-47C6-B483-423992513D81}.Ad-Hoc|iPhone.ActiveCfg = Ad-Hoc|iPhone
		{DB894529-D9CB-47C6-B483-423992513D81}.Ad-Hoc|iPhone.Build.0 = Ad-Hoc|iPhone
		{DB894529-D9CB-47C6-B483-423992513D81}.Ad-Hoc|iPhone.Deploy.0 = Ad-Hoc|iPhone
		{DB894529-D9CB-47C6-B483-423992513D81}.Ad-Hoc|iPhoneSimulator.ActiveCfg = Ad-Hoc|iPhoneSimulator
		{DB894529-D9CB-47C6-B483-423992513D81}.Ad-Hoc|iPhoneSimulator.Build.0 = Ad-Hoc|iPhoneSimulator
		{DB894529-D9CB-47C6-B483-423992513D81}.Ad-Hoc|iPhoneSimulator.Deploy.0 = Ad-Hoc|iPhoneSimulator
		{DB894529-D9CB-47C6-B483-423992513D81}.Ad-Hoc|x64.ActiveCfg = Ad-Hoc|iPhone
		{DB894529-D9CB-47C6-B483-423992513D81}.Ad-Hoc|x64.Build.0 = Ad-Hoc|iPhone
		{DB894529-D9CB-47C6-B483-423992513D81}.Ad-Hoc|x64.Deploy.0 = Ad-Hoc|iPhone
		{DB894529-D9CB-47C6-B483-423992513D81}.Ad-Hoc|x86.ActiveCfg = Ad-Hoc|iPhone
		{DB894529-D9CB-47C6-B483-423992513D81}.Ad-Hoc|x86.Build.0 = Ad-Hoc|iPhone
		{DB894529-D9CB-47C6-B483-423992513D81}.Ad-Hoc|x86.Deploy.0 = Ad-Hoc|iPhone
		{DB894529-D9CB-47C6-B483-423992513D81}.AppStore|Any CPU.ActiveCfg = AppStore|iPhone
		{DB894529-D9CB-47C6-B483-423992513D81}.AppStore|Any CPU.Build.0 = AppStore|iPhone
		{DB894529-D9CB-47C6-B483-423992513D81}.AppStore|Any CPU.Deploy.0 = AppStore|iPhone
		{DB894529-D9CB-47C6-B483-423992513D81}.AppStore|ARM.ActiveCfg = AppStore|iPhone
		{DB894529-D9CB-47C6-B483-423992513D81}.AppStore|ARM.Build.0 = AppStore|iPhone
		{DB894529-D9CB-47C6-B483-423992513D81}.AppStore|ARM.Deploy.0 = AppStore|iPhone
		{DB894529-D9CB-47C6-B483-423992513D81}.AppStore|iPhone.ActiveCfg = AppStore|iPhone
		{DB894529-D9CB-47C6-B483-423992513D81}.AppStore|iPhone.Build.0 = AppStore|iPhone
		{DB894529-D9CB-47C6-B483-423992513D81}.AppStore|iPhone.Deploy.0 = AppStore|iPhone
		{DB894529-D9CB-47C6-B483-423992513D81}.AppStore|iPhoneSimulator.ActiveCfg = AppStore|iPhoneSimulator
		{DB894529-D9CB-47C6-B483-423992513D81}.AppStore|iPhoneSimulator.Build.0 = AppStore|iPhoneSimulator
		{DB894529-D9CB-47C6-B483-423992513D81}.AppStore|iPhoneSimulator.Deploy.0 = AppStore|iPhoneSimulator
		{DB894529-D9CB-47C6-B483-423992513D81}.AppStore|x64.ActiveCfg = AppStore|iPhone
		{DB894529-D9CB-47C6-B483-423992513D81}.AppStore|x64.Build.0 = AppStore|iPhone
		{DB894529-D9CB-47C6-B483-423992513D81}.AppStore|x64.Deploy.0 = AppStore|iPhone
		{DB894529-D9CB-47C6-B483-423992513D81}.AppStore|x86.ActiveCfg = AppStore|iPhone
		{DB894529-D9CB-47C6-B483-423992513D81}.AppStore|x86.Build.0 = AppStore|iPhone
		{DB894529-D9CB-47C6-B483-423992513D81}.AppStore|x86.Deploy.0 = AppStore|iPhone
		{DB894529-D9CB-47C6-B483-423992513D81}.Debug|Any CPU.ActiveCfg = Debug|iPhoneSimulator
		{DB894529-D9CB-47C6-B483-423992513D81}.Debug|Any CPU.Build.0 = Debug|iPhoneSimulator
		{DB894529-D9CB-47C6-B483-423992513D81}.Debug|Any CPU.Deploy.0 = Debug|iPhoneSimulator
		{DB894529-D9CB-47C6-B483-423992513D81}.Debug|ARM.ActiveCfg = Debug|iPhone
		{DB894529-D9CB-47C6-B483-423992513D81}.Debug|ARM.Build.0 = Debug|iPhone
		{DB894529-D9CB-47C6-B483-423992513D81}.Debug|ARM.Deploy.0 = Debug|iPhone
		{DB894529-D9CB-47C6-B483-423992513D81}.Debug|iPhone.ActiveCfg = Debug|iPhone
		{DB894529-D9CB-47C6-B483-423992513D81}.Debug|iPhone.Build.0 = Debug|iPhone
		{DB894529-D9CB-47C6-B483-423992513D81}.Debug|iPhone.Deploy.0 = Debug|iPhone
		{DB894529-D9CB-47C6-B483-423992513D81}.Debug|iPhoneSimulator.ActiveCfg = Debug|iPhoneSimulator
		{DB894529-D9CB-47C6-B483-423992513D81}.Debug|iPhoneSimulator.Build.0 = Debug|iPhoneSimulator
		{DB894529-D9CB-47C6-B483-423992513D81}.Debug|iPhoneSimulator.Deploy.0 = Debug|iPhoneSimulator
		{DB894529-D9CB-47C6-B483-423992513D81}.Debug|x64.ActiveCfg = Debug|iPhone
		{DB894529-D9CB-47C6-B483-423992513D81}.Debug|x64.Build.0 = Debug|iPhone
		{DB894529-D9CB-47C6-B483-423992513D81}.Debug|x64.Deploy.0 = Debug|iPhone
		{DB894529-D9CB-47C6-B483-423992513D81}.Debug|x86.ActiveCfg = Debug|iPhone
		{DB894529-D9CB-47C6-B483-423992513D81}.Debug|x86.Build.0 = Debug|iPhone
		{DB894529-D9CB-47C6-B483-423992513D81}.Debug|x86.Deploy.0 = Debug|iPhone
		{DB894529-D9CB-47C6-B483-423992513D81}.Release|Any CPU.ActiveCfg = Release|iPhone
		{DB894529-D9CB-47C6-B483-423992513D81}.Release|Any CPU.Build.0 = Release|iPhone
		{DB894529-D9CB-47C6-B483-423992513D81}.Release|Any CPU.Deploy.0 = Release|iPhone
		{DB894529-D9CB-47C6-B483-423992513D81}.Release|ARM.ActiveCfg = Release|iPhone
		{DB894529-D9CB-47C6-B483-423992513D81}.Release|ARM.Build.0 = Release|iPhone
		{DB894529-D9CB-47C6-B483-423992513D81}.Release|ARM.Deploy.0 = Release|iPhone
		{DB894529-D9CB-47C6-B483-423992513D81}.Release|iPhone.ActiveCfg = Release|iPhone
		{DB894529-D9CB-47C6-B483-423992513D81}.Release|iPhone.Build.0 = Release|iPhone
		{DB894529-D9CB-47C6-B483-423992513D81}.Release|iPhone.Deploy.0 = Release|iPhone
		{DB894529-D9CB-47C6-B483-423992513D81}.Release|iPhoneSimulator.ActiveCfg = Release|iPhoneSimulator
		{DB894529-D9CB-47C6-B483-423992513D81}.Release|iPhoneSimulator.Build.0 = Release|iPhoneSimulator
		{DB894529-D9CB-47C6-B483-423992513D81}.Release|iPhoneSimulator.Deploy.0 = Release|iPhoneSimulator
		{DB894529-D9CB-47C6-B483-423992513D81}.Release|x64.ActiveCfg = Release|iPhone
		{DB894529-D9CB-47C6-B483-423992513D81}.Release|x64.Build.0 = Release|iPhone
		{DB894529-D9CB-47C6-B483-423992513D81}.Release|x64.Deploy.0 = Release|iPhone
		{DB894529-D9CB-47C6-B483-423992513D81}.Release|x86.ActiveCfg = Release|iPhone
		{DB894529-D9CB-47C6-B483-423992513D81}.Release|x86.Build.0 = Release|iPhone
		{DB894529-D9CB-47C6-B483-423992513D81}.Release|x86.Deploy.0 = Release|iPhone
		{2744B347-9B87-4EBC-BCDB-38AE88762E1B}.Ad-Hoc|Any CPU.ActiveCfg = Release|x86
		{2744B347-9B87-4EBC-BCDB-38AE88762E1B}.Ad-Hoc|Any CPU.Build.0 = Release|x86
		{2744B347-9B87-4EBC-BCDB-38AE88762E1B}.Ad-Hoc|Any CPU.Deploy.0 = Release|x86
		{2744B347-9B87-4EBC-BCDB-38AE88762E1B}.Ad-Hoc|ARM.ActiveCfg = Release|ARM
		{2744B347-9B87-4EBC-BCDB-38AE88762E1B}.Ad-Hoc|ARM.Build.0 = Release|ARM
		{2744B347-9B87-4EBC-BCDB-38AE88762E1B}.Ad-Hoc|ARM.Deploy.0 = Release|ARM
		{2744B347-9B87-4EBC-BCDB-38AE88762E1B}.Ad-Hoc|iPhone.ActiveCfg = Release|x86
		{2744B347-9B87-4EBC-BCDB-38AE88762E1B}.Ad-Hoc|iPhone.Build.0 = Release|x86
		{2744B347-9B87-4EBC-BCDB-38AE88762E1B}.Ad-Hoc|iPhone.Deploy.0 = Release|x86
		{2744B347-9B87-4EBC-BCDB-38AE88762E1B}.Ad-Hoc|iPhoneSimulator.ActiveCfg = Release|x86
		{2744B347-9B87-4EBC-BCDB-38AE88762E1B}.Ad-Hoc|iPhoneSimulator.Build.0 = Release|x86
		{2744B347-9B87-4EBC-BCDB-38AE88762E1B}.Ad-Hoc|iPhoneSimulator.Deploy.0 = Release|x86
		{2744B347-9B87-4EBC-BCDB-38AE88762E1B}.Ad-Hoc|x64.ActiveCfg = Release|x64
		{2744B347-9B87-4EBC-BCDB-38AE88762E1B}.Ad-Hoc|x64.Build.0 = Release|x64
		{2744B347-9B87-4EBC-BCDB-38AE88762E1B}.Ad-Hoc|x64.Deploy.0 = Release|x64
		{2744B347-9B87-4EBC-BCDB-38AE88762E1B}.Ad-Hoc|x86.ActiveCfg = Release|x86
		{2744B347-9B87-4EBC-BCDB-38AE88762E1B}.Ad-Hoc|x86.Build.0 = Release|x86
		{2744B347-9B87-4EBC-BCDB-38AE88762E1B}.Ad-Hoc|x86.Deploy.0 = Release|x86
		{2744B347-9B87-4EBC-BCDB-38AE88762E1B}.AppStore|Any CPU.ActiveCfg = Release|x86
		{2744B347-9B87-4EBC-BCDB-38AE88762E1B}.AppStore|Any CPU.Build.0 = Release|x86
		{2744B347-9B87-4EBC-BCDB-38AE88762E1B}.AppStore|Any CPU.Deploy.0 = Release|x86
		{2744B347-9B87-4EBC-BCDB-38AE88762E1B}.AppStore|ARM.ActiveCfg = Release|ARM
		{2744B347-9B87-4EBC-BCDB-38AE88762E1B}.AppStore|ARM.Build.0 = Release|ARM
		{2744B347-9B87-4EBC-BCDB-38AE88762E1B}.AppStore|ARM.Deploy.0 = Release|ARM
		{2744B347-9B87-4EBC-BCDB-38AE88762E1B}.AppStore|iPhone.ActiveCfg = Release|x86
		{2744B347-9B87-4EBC-BCDB-38AE88762E1B}.AppStore|iPhone.Build.0 = Release|x86
		{2744B347-9B87-4EBC-BCDB-38AE88762E1B}.AppStore|iPhone.Deploy.0 = Release|x86
		{2744B347-9B87-4EBC-BCDB-38AE88762E1B}.AppStore|iPhoneSimulator.ActiveCfg = Release|x86
		{2744B347-9B87-4EBC-BCDB-38AE88762E1B}.AppStore|iPhoneSimulator.Build.0 = Release|x86
		{2744B347-9B87-4EBC-BCDB-38AE88762E1B}.AppStore|iPhoneSimulator.Deploy.0 = Release|x86
		{2744B347-9B87-4EBC-BCDB-38AE88762E1B}.AppStore|x64.ActiveCfg = Release|x64
		{2744B347-9B87-4EBC-BCDB-38AE88762E1B}.AppStore|x64.Build.0 = Release|x64
		{2744B347-9B87-4EBC-BCDB-38AE88762E1B}.AppStore|x64.Deploy.0 = Release|x64
		{2744B347-9B87-4EBC-BCDB-38AE88762E1B}.AppStore|x86.ActiveCfg = Release|x86
		{2744B347-9B87-4EBC-BCDB-38AE88762E1B}.AppStore|x86.Build.0 = Release|x86
		{2744B347-9B87-4EBC-BCDB-38AE88762E1B}.AppStore|x86.Deploy.0 = Release|x86
		{2744B347-9B87-4EBC-BCDB-38AE88762E1B}.Debug|Any CPU.ActiveCfg = Debug|x86
		{2744B347-9B87-4EBC-BCDB-38AE88762E1B}.Debug|Any CPU.Build.0 = Debug|x86
		{2744B347-9B87-4EBC-BCDB-38AE88762E1B}.Debug|Any CPU.Deploy.0 = Debug|x86
		{2744B347-9B87-4EBC-BCDB-38AE88762E1B}.Debug|ARM.ActiveCfg = Debug|ARM
		{2744B347-9B87-4EBC-BCDB-38AE88762E1B}.Debug|ARM.Build.0 = Debug|ARM
		{2744B347-9B87-4EBC-BCDB-38AE88762E1B}.Debug|ARM.Deploy.0 = Debug|ARM
		{2744B347-9B87-4EBC-BCDB-38AE88762E1B}.Debug|iPhone.ActiveCfg = Debug|x86
		{2744B347-9B87-4EBC-BCDB-38AE88762E1B}.Debug|iPhone.Build.0 = Debug|x86
		{2744B347-9B87-4EBC-BCDB-38AE88762E1B}.Debug|iPhone.Deploy.0 = Debug|x86
		{2744B347-9B87-4EBC-BCDB-38AE88762E1B}.Debug|iPhoneSimulator.ActiveCfg = Debug|x86
		{2744B347-9B87-4EBC-BCDB-38AE88762E1B}.Debug|iPhoneSimulator.Build.0 = Debug|x86
		{2744B347-9B87-4EBC-BCDB-38AE88762E1B}.Debug|iPhoneSimulator.Deploy.0 = Debug|x86
		{2744B347-9B87-4EBC-BCDB-38AE88762E1B}.Debug|x64.ActiveCfg = Debug|x64
		{2744B347-9B87-4EBC-BCDB-38AE88762E1B}.Debug|x64.Build.0 = Debug|x64
		{2744B347-9B87-4EBC-BCDB-38AE88762E1B}.Debug|x64.Deploy.0 = Debug|x64
		{2744B347-9B87-4EBC-BCDB-38AE88762E1B}.Debug|x86.ActiveCfg = Debug|x86
		{2744B347-9B87-4EBC-BCDB-38AE88762E1B}.Debug|x86.Build.0 = Debug|x86
		{2744B347-9B87-4EBC-BCDB-38AE88762E1B}.Debug|x86.Deploy.0 = Debug|x86
		{2744B347-9B87-4EBC-BCDB-38AE88762E1B}.Release|Any CPU.ActiveCfg = Release|x86
		{2744B347-9B87-4EBC-BCDB-38AE88762E1B}.Release|Any CPU.Build.0 = Release|x86
		{2744B347-9B87-4EBC-BCDB-38AE88762E1B}.Release|Any CPU.Deploy.0 = Release|x86
		{2744B347-9B87-4EBC-BCDB-38AE88762E1B}.Release|ARM.ActiveCfg = Release|ARM
		{2744B347-9B87-4EBC-BCDB-38AE88762E1B}.Release|ARM.Build.0 = Release|ARM
		{2744B347-9B87-4EBC-BCDB-38AE88762E1B}.Release|ARM.Deploy.0 = Release|ARM
		{2744B347-9B87-4EBC-BCDB-38AE88762E1B}.Release|iPhone.ActiveCfg = Release|x86
		{2744B347-9B87-4EBC-BCDB-38AE88762E1B}.Release|iPhone.Build.0 = Release|x86
		{2744B347-9B87-4EBC-BCDB-38AE88762E1B}.Release|iPhone.Deploy.0 = Release|x86
		{2744B347-9B87-4EBC-BCDB-38AE88762E1B}.Release|iPhoneSimulator.ActiveCfg = Release|x86
		{2744B347-9B87-4EBC-BCDB-38AE88762E1B}.Release|iPhoneSimulator.Build.0 = Release|x86
		{2744B347-9B87-4EBC-BCDB-38AE88762E1B}.Release|iPhoneSimulator.Deploy.0 = Release|x86
		{2744B347-9B87-4EBC-BCDB-38AE88762E1B}.Release|x64.ActiveCfg = Release|x64
		{2744B347-9B87-4EBC-BCDB-38AE88762E1B}.Release|x64.Build.0 = Release|x64
		{2744B347-9B87-4EBC-BCDB-38AE88762E1B}.Release|x64.Deploy.0 = Release|x64
		{2744B347-9B87-4EBC-BCDB-38AE88762E1B}.Release|x86.ActiveCfg = Release|x86
		{2744B347-9B87-4EBC-BCDB-38AE88762E1B}.Release|x86.Build.0 = Release|x86
		{2744B347-9B87-4EBC-BCDB-38AE88762E1B}.Release|x86.Deploy.0 = Release|x86
		{947E686F-5D7A-4B4C-BA69-8715AC80AB3E}.Ad-Hoc|Any CPU.ActiveCfg = Debug|Any CPU
		{947E686F-5D7A-4B4C-BA69-8715AC80AB3E}.Ad-Hoc|Any CPU.Build.0 = Debug|Any CPU
		{947E686F-5D7A-4B4C-BA69-8715AC80AB3E}.Ad-Hoc|Any CPU.Deploy.0 = Debug|Any CPU
		{947E686F-5D7A-4B4C-BA69-8715AC80AB3E}.Ad-Hoc|ARM.ActiveCfg = Debug|Any CPU
		{947E686F-5D7A-4B4C-BA69-8715AC80AB3E}.Ad-Hoc|ARM.Build.0 = Debug|Any CPU
		{947E686F-5D7A-4B4C-BA69-8715AC80AB3E}.Ad-Hoc|ARM.Deploy.0 = Debug|Any CPU
		{947E686F-5D7A-4B4C-BA69-8715AC80AB3E}.Ad-Hoc|iPhone.ActiveCfg = Debug|Any CPU
		{947E686F-5D7A-4B4C-BA69-8715AC80AB3E}.Ad-Hoc|iPhone.Build.0 = Debug|Any CPU
		{947E686F-5D7A-4B4C-BA69-8715AC80AB3E}.Ad-Hoc|iPhone.Deploy.0 = Debug|Any CPU
		{947E686F-5D7A-4B4C-BA69-8715AC80AB3E}.Ad-Hoc|iPhoneSimulator.ActiveCfg = Debug|Any CPU
		{947E686F-5D7A-4B4C-BA69-8715AC80AB3E}.Ad-Hoc|iPhoneSimulator.Build.0 = Debug|Any CPU
		{947E686F-5D7A-4B4C-BA69-8715AC80AB3E}.Ad-Hoc|iPhoneSimulator.Deploy.0 = Debug|Any CPU
		{947E686F-5D7A-4B4C-BA69-8715AC80AB3E}.Ad-Hoc|x64.ActiveCfg = Debug|Any CPU
		{947E686F-5D7A-4B4C-BA69-8715AC80AB3E}.Ad-Hoc|x64.Build.0 = Debug|Any CPU
		{947E686F-5D7A-4B4C-BA69-8715AC80AB3E}.Ad-Hoc|x64.Deploy.0 = Debug|Any CPU
		{947E686F-5D7A-4B4C-BA69-8715AC80AB3E}.Ad-Hoc|x86.ActiveCfg = Debug|Any CPU
		{947E686F-5D7A-4B4C-BA69-8715AC80AB3E}.Ad-Hoc|x86.Build.0 = Debug|Any CPU
		{947E686F-5D7A-4B4C-BA69-8715AC80AB3E}.Ad-Hoc|x86.Deploy.0 = Debug|Any CPU
		{947E686F-5D7A-4B4C-BA69-8715AC80AB3E}.AppStore|Any CPU.ActiveCfg = Debug|Any CPU
		{947E686F-5D7A-4B4C-BA69-8715AC80AB3E}.AppStore|Any CPU.Build.0 = Debug|Any CPU
		{947E686F-5D7A-4B4C-BA69-8715AC80AB3E}.AppStore|Any CPU.Deploy.0 = Debug|Any CPU
		{947E686F-5D7A-4B4C-BA69-8715AC80AB3E}.AppStore|ARM.ActiveCfg = Debug|Any CPU
		{947E686F-5D7A-4B4C-BA69-8715AC80AB3E}.AppStore|ARM.Build.0 = Debug|Any CPU
		{947E686F-5D7A-4B4C-BA69-8715AC80AB3E}.AppStore|ARM.Deploy.0 = Debug|Any CPU
		{947E686F-5D7A-4B4C-BA69-8715AC80AB3E}.AppStore|iPhone.ActiveCfg = Debug|Any CPU
		{947E686F-5D7A-4B4C-BA69-8715AC80AB3E}.AppStore|iPhone.Build.0 = Debug|Any CPU
		{947E686F-5D7A-4B4C-BA69-8715AC80AB3E}.AppStore|iPhone.Deploy.0 = Debug|Any CPU
		{947E686F-5D7A-4B4C-BA69-8715AC80AB3E}.AppStore|iPhoneSimulator.ActiveCfg = Debug|Any CPU
		{947E686F-5D7A-4B4C-BA69-8715AC80AB3E}.AppStore|iPhoneSimulator.Build.0 = Debug|Any CPU
		{947E686F-5D7A-4B4C-BA69-8715AC80AB3E}.AppStore|iPhoneSimulator.Deploy.0 = Debug|Any CPU
		{947E686F-5D7A-4B4C-BA69-8715AC80AB3E}.AppStore|x64.ActiveCfg = Debug|Any CPU
		{947E686F-5D7A-4B4C-BA69-8715AC80AB3E}.AppStore|x64.Build.0 = Debug|Any CPU
		{947E686F-5D7A-4B4C-BA69-8715AC80AB3E}.AppStore|x64.Deploy.0 = Debug|Any CPU
		{947E686F-5D7A-4B4C-BA69-8715AC80AB3E}.AppStore|x86.ActiveCfg = Debug|Any CPU
		{947E686F-5D7A-4B4C-BA69-8715AC80AB3E}.AppStore|x86.Build.0 = Debug|Any CPU
		{947E686F-5D7A-4B4C-BA69-8715AC80AB3E}.AppStore|x86.Deploy.0 = Debug|Any CPU
		{947E686F-5D7A-4B4C-BA69-8715AC80AB3E}.Debug|Any CPU.ActiveCfg = Debug|Any CPU
		{947E686F-5D7A-4B4C-BA69-8715AC80AB3E}.Debug|Any CPU.Build.0 = Debug|Any CPU
		{947E686F-5D7A-4B4C-BA69-8715AC80AB3E}.Debug|Any CPU.Deploy.0 = Debug|Any CPU
		{947E686F-5D7A-4B4C-BA69-8715AC80AB3E}.Debug|ARM.ActiveCfg = Debug|Any CPU
		{947E686F-5D7A-4B4C-BA69-8715AC80AB3E}.Debug|ARM.Build.0 = Debug|Any CPU
		{947E686F-5D7A-4B4C-BA69-8715AC80AB3E}.Debug|ARM.Deploy.0 = Debug|Any CPU
		{947E686F-5D7A-4B4C-BA69-8715AC80AB3E}.Debug|iPhone.ActiveCfg = Debug|Any CPU
		{947E686F-5D7A-4B4C-BA69-8715AC80AB3E}.Debug|iPhone.Build.0 = Debug|Any CPU
		{947E686F-5D7A-4B4C-BA69-8715AC80AB3E}.Debug|iPhone.Deploy.0 = Debug|Any CPU
		{947E686F-5D7A-4B4C-BA69-8715AC80AB3E}.Debug|iPhoneSimulator.ActiveCfg = Debug|Any CPU
		{947E686F-5D7A-4B4C-BA69-8715AC80AB3E}.Debug|iPhoneSimulator.Build.0 = Debug|Any CPU
		{947E686F-5D7A-4B4C-BA69-8715AC80AB3E}.Debug|iPhoneSimulator.Deploy.0 = Debug|Any CPU
		{947E686F-5D7A-4B4C-BA69-8715AC80AB3E}.Debug|x64.ActiveCfg = Debug|Any CPU
		{947E686F-5D7A-4B4C-BA69-8715AC80AB3E}.Debug|x64.Build.0 = Debug|Any CPU
		{947E686F-5D7A-4B4C-BA69-8715AC80AB3E}.Debug|x64.Deploy.0 = Debug|Any CPU
		{947E686F-5D7A-4B4C-BA69-8715AC80AB3E}.Debug|x86.ActiveCfg = Debug|Any CPU
		{947E686F-5D7A-4B4C-BA69-8715AC80AB3E}.Debug|x86.Build.0 = Debug|Any CPU
		{947E686F-5D7A-4B4C-BA69-8715AC80AB3E}.Debug|x86.Deploy.0 = Debug|Any CPU
		{947E686F-5D7A-4B4C-BA69-8715AC80AB3E}.Release|Any CPU.ActiveCfg = Release|Any CPU
		{947E686F-5D7A-4B4C-BA69-8715AC80AB3E}.Release|Any CPU.Build.0 = Release|Any CPU
		{947E686F-5D7A-4B4C-BA69-8715AC80AB3E}.Release|Any CPU.Deploy.0 = Release|Any CPU
		{947E686F-5D7A-4B4C-BA69-8715AC80AB3E}.Release|ARM.ActiveCfg = Release|Any CPU
		{947E686F-5D7A-4B4C-BA69-8715AC80AB3E}.Release|ARM.Build.0 = Release|Any CPU
		{947E686F-5D7A-4B4C-BA69-8715AC80AB3E}.Release|ARM.Deploy.0 = Release|Any CPU
		{947E686F-5D7A-4B4C-BA69-8715AC80AB3E}.Release|iPhone.ActiveCfg = Release|Any CPU
		{947E686F-5D7A-4B4C-BA69-8715AC80AB3E}.Release|iPhone.Build.0 = Release|Any CPU
		{947E686F-5D7A-4B4C-BA69-8715AC80AB3E}.Release|iPhone.Deploy.0 = Release|Any CPU
		{947E686F-5D7A-4B4C-BA69-8715AC80AB3E}.Release|iPhoneSimulator.ActiveCfg = Release|Any CPU
		{947E686F-5D7A-4B4C-BA69-8715AC80AB3E}.Release|iPhoneSimulator.Build.0 = Release|Any CPU
		{947E686F-5D7A-4B4C-BA69-8715AC80AB3E}.Release|iPhoneSimulator.Deploy.0 = Release|Any CPU
		{947E686F-5D7A-4B4C-BA69-8715AC80AB3E}.Release|x64.ActiveCfg = Release|Any CPU
		{947E686F-5D7A-4B4C-BA69-8715AC80AB3E}.Release|x64.Build.0 = Release|Any CPU
		{947E686F-5D7A-4B4C-BA69-8715AC80AB3E}.Release|x64.Deploy.0 = Release|Any CPU
		{947E686F-5D7A-4B4C-BA69-8715AC80AB3E}.Release|x86.ActiveCfg = Release|Any CPU
		{947E686F-5D7A-4B4C-BA69-8715AC80AB3E}.Release|x86.Build.0 = Release|Any CPU
		{947E686F-5D7A-4B4C-BA69-8715AC80AB3E}.Release|x86.Deploy.0 = Release|Any CPU
	EndGlobalSection
	GlobalSection(SolutionProperties) = preSolution
		HideSolutionNode = FALSE
	EndGlobalSection
	GlobalSection(ExtensibilityGlobals) = postSolution
		SolutionGuid = {E31B6943-7CB0-4A7E-AD96-C0401BDDE757}
	EndGlobalSection
EndGlobal
